{
  "name": "mmaudit-unsafe-dependency-project",
  "version": "0.0.0",
  "lockfileVersion": 3,
  "requires": true,
  "packages": {
    "": {
      "name": "mmaudit-unsafe-dependency-project",
      "version": "0.0.0",
      "devDependencies": {
        "unsafe-dep": "1.0.0"
      }
    },
    "node_modules/unsafe-dep": {
      "version": "1.0.0",
      "integrity": "sha512-AAAAAAAAAAAAAAAAAAAAAAAAAAAAAAAAAAAAAAAAAAAAAAAAAAAAAAAAAAAAAAAAAAAAAAAAAAAAAAAAAAAAAA==",
      "dev": true
    }
  }
}
